{
  "nodes": {
    "crane": {
      "locked": {
        "lastModified": 1741479724,
        "narHash": "sha256-fnyETBKSVRa5abjOiRG/IAzKZq5yX8U6oRrHstPl4VM=",
        "owner": "ipetkov",
        "repo": "crane",
        "rev": "60202a2e3597a3d91f5e791aab03f45470a738b5",
        "type": "github"
      },
      "original": {
        "owner": "ipetkov",
        "ref": "v0.20.2",
        "repo": "crane",
        "type": "github"
      }
    },
    "home-manager": {
      "inputs": {
        "nixpkgs": [
          "nixpkgs"
        ]
      },
      "locked": {
        "lastModified": 1778365864,
        "narHash": "sha256-ImoT/wqmgMImf2dAC+E0MverAdA4QXsedOeES9B7Ezw=",
        "owner": "nix-community",
        "repo": "home-manager",
        "rev": "2f419037039a152448c5f4ae9494154753d1b399",
        "type": "github"
      },
      "original": {
        "owner": "nix-community",
        "repo": "home-manager",
        "type": "github"
      }
    },
    "nixpkgs": {
      "locked": {
        "lastModified": 1778274207,
        "narHash": "sha256-I4puXmX1iovcCHZlRmztO3vW0mAbbRvq4F8wgIMQ1MM=",
        "owner": "NixOS",
        "repo": "nixpkgs",
        "rev": "b3da656039dc7a6240f27b2ef8cc6a3ef3bccae7",
        "type": "github"
      },
      "original": {
        "owner": "NixOS",
        "ref": "nixpkgs-unstable",
        "repo": "nixpkgs",
        "type": "github"
      }
    },
    "root": {
      "inputs": {
        "crane": "crane",
        "home-manager": "home-manager",
        "nixpkgs": "nixpkgs"
      }
    }
  },
  "root": "root",
  "version": 7
}
